
Microsoft Visual Studio Solution File, Format Version 12.00
# Visual Studio Version 17
VisualStudioVersion = 17.3.32825.248
MinimumVisualStudioVersion = 10.0.40219.1
Project("{6EC3EE1D-3C4E-46DD-8F32-0CC8E7565705}") = "game", "src\game\game.fsproj", "{77AD5660-AE99-4D3B-BC4C-031590357678}"
EndProject
Project("{9A19103F-16F7-4668-BE54-9A1E7A4F7556}") = "sokoban-terminal", "src\terminal\sokoban-terminal.csproj", "{A1F3A76A-ABF8-438A-817D-24EE4E6A5FBA}"
EndProject
Project("{6EC3EE1D-3C4E-46DD-8F32-0CC8E7565705}") = "game.tests", "test\game.tests\game.tests.fsproj", "{D1DF9B6D-1F31-45FB-BE61-6AE28E28263F}"
EndProject
Project("{6EC3EE1D-3C4E-46DD-8F32-0CC8E7565705}") = "sokoban-web", "sokoban-web\sokoban-web.fsproj", "{82E0428A-ACC4-4027-8320-B179C72CF8AE}"
EndProject
Project("{6EC3EE1D-3C4E-46DD-8F32-0CC8E7565705}") = "sokopy", "src\sokopy\sokopy.fsproj", "{C67C120A-CCF7-4325-8454-F316CF0705AA}"
EndProject
Project("{F2A71F9B-5D33-465A-A702-920D77279786}") = "App", "sokoban-js\src\App.fsproj", "{19CA71B2-65D9-4992-A4D8-A0BC981F45C6}"
EndProject
Global
	GlobalSection(SolutionConfigurationPlatforms) = preSolution
		Debug|Any CPU = Debug|Any CPU
		Release|Any CPU = Release|Any CPU
	EndGlobalSection
	GlobalSection(ProjectConfigurationPlatforms) = postSolution
		{77AD5660-AE99-4D3B-BC4C-031590357678}.Debug|Any CPU.ActiveCfg = Debug|Any CPU
		{77AD5660-AE99-4D3B-BC4C-031590357678}.Debug|Any CPU.Build.0 = Debug|Any CPU
		{77AD5660-AE99-4D3B-BC4C-031590357678}.Release|Any CPU.ActiveCfg = Release|Any CPU
		{77AD5660-AE99-4D3B-BC4C-031590357678}.Release|Any CPU.Build.0 = Release|Any CPU
		{A1F3A76A-ABF8-438A-817D-24EE4E6A5FBA}.Debug|Any CPU.ActiveCfg = Debug|Any CPU
		{A1F3A76A-ABF8-438A-817D-24EE4E6A5FBA}.Debug|Any CPU.Build.0 = Debug|Any CPU
		{A1F3A76A-ABF8-438A-817D-24EE4E6A5FBA}.Release|Any CPU.ActiveCfg = Release|Any CPU
		{A1F3A76A-ABF8-438A-817D-24EE4E6A5FBA}.Release|Any CPU.Build.0 = Release|Any CPU
		{D1DF9B6D-1F31-45FB-BE61-6AE28E28263F}.Debug|Any CPU.ActiveCfg = Debug|Any CPU
		{D1DF9B6D-1F31-45FB-BE61-6AE28E28263F}.Debug|Any CPU.Build.0 = Debug|Any CPU
		{D1DF9B6D-1F31-45FB-BE61-6AE28E28263F}.Release|Any CPU.ActiveCfg = Release|Any CPU
		{D1DF9B6D-1F31-45FB-BE61-6AE28E28263F}.Release|Any CPU.Build.0 = Release|Any CPU
		{82E0428A-ACC4-4027-8320-B179C72CF8AE}.Debug|Any CPU.ActiveCfg = Debug|Any CPU
		{82E0428A-ACC4-4027-8320-B179C72CF8AE}.Debug|Any CPU.Build.0 = Debug|Any CPU
		{82E0428A-ACC4-4027-8320-B179C72CF8AE}.Release|Any CPU.ActiveCfg = Release|Any CPU
		{82E0428A-ACC4-4027-8320-B179C72CF8AE}.Release|Any CPU.Build.0 = Release|Any CPU
		{C67C120A-CCF7-4325-8454-F316CF0705AA}.Debug|Any CPU.ActiveCfg = Debug|Any CPU
		{C67C120A-CCF7-4325-8454-F316CF0705AA}.Debug|Any CPU.Build.0 = Debug|Any CPU
		{C67C120A-CCF7-4325-8454-F316CF0705AA}.Release|Any CPU.ActiveCfg = Release|Any CPU
		{C67C120A-CCF7-4325-8454-F316CF0705AA}.Release|Any CPU.Build.0 = Release|Any CPU
		{19CA71B2-65D9-4992-A4D8-A0BC981F45C6}.Debug|Any CPU.ActiveCfg = Debug|Any CPU
		{19CA71B2-65D9-4992-A4D8-A0BC981F45C6}.Debug|Any CPU.Build.0 = Debug|Any CPU
		{19CA71B2-65D9-4992-A4D8-A0BC981F45C6}.Release|Any CPU.ActiveCfg = Release|Any CPU
		{19CA71B2-65D9-4992-A4D8-A0BC981F45C6}.Release|Any CPU.Build.0 = Release|Any CPU
	EndGlobalSection
	GlobalSection(SolutionProperties) = preSolution
		HideSolutionNode = FALSE
	EndGlobalSection
	GlobalSection(ExtensibilityGlobals) = postSolution
		SolutionGuid = {441DBC10-9E61-4F4D-9792-E8E9857E919F}
	EndGlobalSection
EndGlobal
