
Microsoft Visual Studio Solution File, Format Version 12.00
# Visual Studio Version 17
VisualStudioVersion = 17.3.32825.248
MinimumVisualStudioVersion = 10.0.40219.1
Project("{9A19103F-16F7-4668-BE54-9A1E7A4F7556}") = "sokoban-terminal", "sokoban-terminal.csproj", "{92945C99-90C3-4F46-89B6-1908D4BD2B03}"
EndProject
Global
	GlobalSection(SolutionConfigurationPlatforms) = preSolution
		Debug|Any CPU = Debug|Any CPU
		Release|Any CPU = Release|Any CPU
	EndGlobalSection
	GlobalSection(ProjectConfigurationPlatforms) = postSolution
		{92945C99-90C3-4F46-89B6-1908D4BD2B03}.Debug|Any CPU.ActiveCfg = Debug|Any CPU
		{92945C99-90C3-4F46-89B6-1908D4BD2B03}.Debug|Any CPU.Build.0 = Debug|Any CPU
		{92945C99-90C3-4F46-89B6-1908D4BD2B03}.Release|Any CPU.ActiveCfg = Release|Any CPU
		{92945C99-90C3-4F46-89B6-1908D4BD2B03}.Release|Any CPU.Build.0 = Release|Any CPU
	EndGlobalSection
	GlobalSection(SolutionProperties) = preSolution
		HideSolutionNode = FALSE
	EndGlobalSection
	GlobalSection(ExtensibilityGlobals) = postSolution
		SolutionGuid = {CBE07FF5-9A78-46EB-83D2-8F15739452EF}
	EndGlobalSection
EndGlobal
